
Microsoft Visual Studio Solution File, Format Version 12.00
# Visual Studio 15
VisualStudioVersion = 15.0.27703.2047
MinimumVisualStudioVersion = 10.0.40219.1
Project("{9A19103F-16F7-4668-BE54-9A1E7A4F7556}") = "BroadlinkWeb", "BroadlinkWeb\BroadlinkWeb.csproj", "{2504457F-F449-42AF-B916-D734C44D5043}"
EndProject
Project("{9A19103F-16F7-4668-BE54-9A1E7A4F7556}") = "ScriptAgent", "ScriptAgent\ScriptAgent.csproj", "{BD55237E-1859-4B14-826D-78D06F758FEE}"
EndProject
Project("{FAE04EC0-301F-11D3-BF4B-00C04F79EFBC}") = "Monitor", "Monitor\Monitor.csproj", "{DD0A42F6-2895-4C29-85F9-E28A0421020C}"
EndProject
Global
	GlobalSection(SolutionConfigurationPlatforms) = preSolution
		Debug|Any CPU = Debug|Any CPU
		Debug|x86 = Debug|x86
		Release|Any CPU = Release|Any CPU
		Release|x86 = Release|x86
	EndGlobalSection
	GlobalSection(ProjectConfigurationPlatforms) = postSolution
		{2504457F-F449-42AF-B916-D734C44D5043}.Debug|Any CPU.ActiveCfg = Debug|Any CPU
		{2504457F-F449-42AF-B916-D734C44D5043}.Debug|Any CPU.Build.0 = Debug|Any CPU
		{2504457F-F449-42AF-B916-D734C44D5043}.Debug|x86.ActiveCfg = Debug|x86
		{2504457F-F449-42AF-B916-D734C44D5043}.Debug|x86.Build.0 = Debug|x86
		{2504457F-F449-42AF-B916-D734C44D5043}.Release|Any CPU.ActiveCfg = Release|Any CPU
		{2504457F-F449-42AF-B916-D734C44D5043}.Release|Any CPU.Build.0 = Release|Any CPU
		{2504457F-F449-42AF-B916-D734C44D5043}.Release|x86.ActiveCfg = Release|x86
		{2504457F-F449-42AF-B916-D734C44D5043}.Release|x86.Build.0 = Release|x86
		{BD55237E-1859-4B14-826D-78D06F758FEE}.Debug|Any CPU.ActiveCfg = Debug|Any CPU
		{BD55237E-1859-4B14-826D-78D06F758FEE}.Debug|Any CPU.Build.0 = Debug|Any CPU
		{BD55237E-1859-4B14-826D-78D06F758FEE}.Debug|x86.ActiveCfg = Debug|Any CPU
		{BD55237E-1859-4B14-826D-78D06F758FEE}.Debug|x86.Build.0 = Debug|Any CPU
		{BD55237E-1859-4B14-826D-78D06F758FEE}.Release|Any CPU.ActiveCfg = Release|Any CPU
		{BD55237E-1859-4B14-826D-78D06F758FEE}.Release|Any CPU.Build.0 = Release|Any CPU
		{BD55237E-1859-4B14-826D-78D06F758FEE}.Release|x86.ActiveCfg = Release|Any CPU
		{BD55237E-1859-4B14-826D-78D06F758FEE}.Release|x86.Build.0 = Release|Any CPU
		{DD0A42F6-2895-4C29-85F9-E28A0421020C}.Debug|Any CPU.ActiveCfg = Debug|Any CPU
		{DD0A42F6-2895-4C29-85F9-E28A0421020C}.Debug|Any CPU.Build.0 = Debug|Any CPU
		{DD0A42F6-2895-4C29-85F9-E28A0421020C}.Debug|x86.ActiveCfg = Debug|Any CPU
		{DD0A42F6-2895-4C29-85F9-E28A0421020C}.Debug|x86.Build.0 = Debug|Any CPU
		{DD0A42F6-2895-4C29-85F9-E28A0421020C}.Release|Any CPU.ActiveCfg = Release|Any CPU
		{DD0A42F6-2895-4C29-85F9-E28A0421020C}.Release|Any CPU.Build.0 = Release|Any CPU
		{DD0A42F6-2895-4C29-85F9-E28A0421020C}.Release|x86.ActiveCfg = Release|Any CPU
		{DD0A42F6-2895-4C29-85F9-E28A0421020C}.Release|x86.Build.0 = Release|Any CPU
	EndGlobalSection
	GlobalSection(SolutionProperties) = preSolution
		HideSolutionNode = FALSE
	EndGlobalSection
	GlobalSection(ExtensibilityGlobals) = postSolution
		SolutionGuid = {685CDB85-3C69-4C91-B301-AD8AE14A98D6}
	EndGlobalSection
EndGlobal
