
Microsoft Visual Studio Solution File, Format Version 12.00
# Visual Studio 15
VisualStudioVersion = 15.0.27703.2047
MinimumVisualStudioVersion = 10.0.40219.1
Project("{9A19103F-16F7-4668-BE54-9A1E7A4F7556}") = "BroadlinkWeb", "BroadlinkWeb\BroadlinkWeb.csproj", "{2504457F-F449-42AF-B916-D734C44D5043}"
EndProject
Project("{9A19103F-16F7-4668-BE54-9A1E7A4F7556}") = "SharpBroadlink", "..\..\Library\SharpBroadlink\SharpBroadlink\SharpBroadlink.csproj", "{32AB6F9F-D7B5-4D81-9271-1A173BCD7FCF}"
EndProject
Global
	GlobalSection(SolutionConfigurationPlatforms) = preSolution
		Debug|Any CPU = Debug|Any CPU
		Release|Any CPU = Release|Any CPU
	EndGlobalSection
	GlobalSection(ProjectConfigurationPlatforms) = postSolution
		{2504457F-F449-42AF-B916-D734C44D5043}.Debug|Any CPU.ActiveCfg = Debug|Any CPU
		{2504457F-F449-42AF-B916-D734C44D5043}.Debug|Any CPU.Build.0 = Debug|Any CPU
		{2504457F-F449-42AF-B916-D734C44D5043}.Release|Any CPU.ActiveCfg = Release|Any CPU
		{2504457F-F449-42AF-B916-D734C44D5043}.Release|Any CPU.Build.0 = Release|Any CPU
		{32AB6F9F-D7B5-4D81-9271-1A173BCD7FCF}.Debug|Any CPU.ActiveCfg = Debug|Any CPU
		{32AB6F9F-D7B5-4D81-9271-1A173BCD7FCF}.Debug|Any CPU.Build.0 = Debug|Any CPU
		{32AB6F9F-D7B5-4D81-9271-1A173BCD7FCF}.Release|Any CPU.ActiveCfg = Release|Any CPU
		{32AB6F9F-D7B5-4D81-9271-1A173BCD7FCF}.Release|Any CPU.Build.0 = Release|Any CPU
	EndGlobalSection
	GlobalSection(SolutionProperties) = preSolution
		HideSolutionNode = FALSE
	EndGlobalSection
	GlobalSection(ExtensibilityGlobals) = postSolution
		SolutionGuid = {685CDB85-3C69-4C91-B301-AD8AE14A98D6}
	EndGlobalSection
EndGlobal
